// !$*UTF8*$!
{
	archiveVersion = 1;
	classes = {
	};
	objectVersion = 48;
	objects = {

/* Begin PBXBuildFile section */
		882389B21FBC5B2300E7F9AB /* MyPoint.cpp in Sources */ = {isa = PBXBuildFile; fileRef = 882389AD1FBC5B2300E7F9AB /* MyPoint.cpp */; };
		882389B31FBC5B2300E7F9AB /* Queue.cpp in Sources */ = {isa = PBXBuildFile; fileRef = 882389B01FBC5B2300E7F9AB /* Queue.cpp */; };
		882389B41FBC5B2300E7F9AB /* Stack.cpp in Sources */ = {isa = PBXBuildFile; fileRef = 882389B11FBC5B2300E7F9AB /* Stack.cpp */; };
		882389B71FBC5B2800E7F9AB /* Maze.cpp in Sources */ = {isa = PBXBuildFile; fileRef = 882389B61FBC5B2800E7F9AB /* Maze.cpp */; };
		88656B611FB9589900246911 /* AppDelegate.m in Sources */ = {isa = PBXBuildFile; fileRef = 88656B601FB9589900246911 /* AppDelegate.m */; };
		88656B641FB9589900246911 /* ViewController.mm in Sources */ = {isa = PBXBuildFile; fileRef = 88656B631FB9589900246911 /* ViewController.mm */; };
		88656B661FB9589900246911 /* Assets.xcassets in Resources */ = {isa = PBXBuildFile; fileRef = 88656B651FB9589900246911 /* Assets.xcassets */; };
		88656B691FB9589900246911 /* Main.storyboard in Resources */ = {isa = PBXBuildFile; fileRef = 88656B671FB9589900246911 /* Main.storyboard */; };
		88656B6C1FB9589900246911 /* main.m in Sources */ = {isa = PBXBuildFile; fileRef = 88656B6B1FB9589900246911 /* main.m */; };
		88656B761FB958C300246911 /* MazeView.mm in Sources */ = {isa = PBXBuildFile; fileRef = 88656B751FB958C300246911 /* MazeView.mm */; };
		8877D7621FB9CC0400B11203 /* Cocoa.framework in Frameworks */ = {isa = PBXBuildFile; fileRef = 8877D7611FB9CBFA00B11203 /* Cocoa.framework */; };
/* End PBXBuildFile section */

/* Begin PBXFileReference section */
		882389AC1FBC5B2300E7F9AB /* Queue.hpp */ = {isa = PBXFileReference; fileEncoding = 4; lastKnownFileType = sourcecode.cpp.h; path = Queue.hpp; sourceTree = "<group>"; };
		882389AD1FBC5B2300E7F9AB /* MyPoint.cpp */ = {isa = PBXFileReference; fileEncoding = 4; lastKnownFileType = sourcecode.cpp.cpp; path = MyPoint.cpp; sourceTree = "<group>"; };
		882389AE1FBC5B2300E7F9AB /* Stack.hpp */ = {isa = PBXFileReference; fileEncoding = 4; lastKnownFileType = sourcecode.cpp.h; path = Stack.hpp; sourceTree = "<group>"; };
		882389AF1FBC5B2300E7F9AB /* MyPoint.hpp */ = {isa = PBXFileReference; fileEncoding = 4; lastKnownFileType = sourcecode.cpp.h; path = MyPoint.hpp; sourceTree = "<group>"; };
		882389B01FBC5B2300E7F9AB /* Queue.cpp */ = {isa = PBXFileReference; fileEncoding = 4; lastKnownFileType = sourcecode.cpp.cpp; path = Queue.cpp; sourceTree = "<group>"; };
		882389B11FBC5B2300E7F9AB /* Stack.cpp */ = {isa = PBXFileReference; fileEncoding = 4; lastKnownFileType = sourcecode.cpp.cpp; path = Stack.cpp; sourceTree = "<group>"; };
		882389B51FBC5B2800E7F9AB /* Maze.hpp */ = {isa = PBXFileReference; fileEncoding = 4; lastKnownFileType = sourcecode.cpp.h; path = Maze.hpp; sourceTree = "<group>"; };
		882389B61FBC5B2800E7F9AB /* Maze.cpp */ = {isa = PBXFileReference; fileEncoding = 4; lastKnownFileType = sourcecode.cpp.cpp; path = Maze.cpp; sourceTree = "<group>"; };
		88656B5C1FB9589900246911 /* maze.app */ = {isa = PBXFileReference; explicitFileType = wrapper.application; includeInIndex = 0; path = maze.app; sourceTree = BUILT_PRODUCTS_DIR; };
		88656B5F1FB9589900246911 /* AppDelegate.h */ = {isa = PBXFileReference; lastKnownFileType = sourcecode.c.h; path = AppDelegate.h; sourceTree = "<group>"; };
		88656B601FB9589900246911 /* AppDelegate.m */ = {isa = PBXFileReference; lastKnownFileType = sourcecode.c.objc; path = AppDelegate.m; sourceTree = "<group>"; };
		88656B621FB9589900246911 /* ViewController.h */ = {isa = PBXFileReference; lastKnownFileType = sourcecode.c.h; path = ViewController.h; sourceTree = "<group>"; };
		88656B631FB9589900246911 /* ViewController.mm */ = {isa = PBXFileReference; lastKnownFileType = sourcecode.cpp.objcpp; path = ViewController.mm; sourceTree = "<group>"; };
		88656B651FB9589900246911 /* Assets.xcassets */ = {isa = PBXFileReference; lastKnownFileType = folder.assetcatalog; path = Assets.xcassets; sourceTree = "<group>"; };
		88656B681FB9589900246911 /* Base */ = {isa = PBXFileReference; lastKnownFileType = file.storyboard; name = Base; path = Base.lproj/Main.storyboard; sourceTree = "<group>"; };
		88656B6A1FB9589900246911 /* Info.plist */ = {isa = PBXFileReference; lastKnownFileType = text.plist.xml; path = Info.plist; sourceTree = "<group>"; };
		88656B6B1FB9589900246911 /* main.m */ = {isa = PBXFileReference; lastKnownFileType = sourcecode.c.objc; path = main.m; sourceTree = "<group>"; };
		88656B6D1FB9589900246911 /* maze.entitlements */ = {isa = PBXFileReference; lastKnownFileType = text.plist.entitlements; path = maze.entitlements; sourceTree = "<group>"; };
		88656B741FB958C300246911 /* MazeView.h */ = {isa = PBXFileReference; lastKnownFileType = sourcecode.c.h; path = MazeView.h; sourceTree = "<group>"; };
		88656B751FB958C300246911 /* MazeView.mm */ = {isa = PBXFileReference; lastKnownFileType = sourcecode.cpp.objcpp; path = MazeView.mm; sourceTree = "<group>"; };
		8877D7611FB9CBFA00B11203 /* Cocoa.framework */ = {isa = PBXFileReference; lastKnownFileType = wrapper.framework; name = Cocoa.framework; path = System/Library/Frameworks/Cocoa.framework; sourceTree = SDKROOT; };
/* End PBXFileReference section */

/* Begin PBXFrameworksBuildPhase section */
		88656B591FB9589900246911 /* Frameworks */ = {
			isa = PBXFrameworksBuildPhase;
			buildActionMask = 2147483647;
			files = (
				8877D7621FB9CC0400B11203 /* Cocoa.framework in Frameworks */,
			);
			runOnlyForDeploymentPostprocessing = 0;
		};
/* End PBXFrameworksBuildPhase section */

/* Begin PBXGroup section */
		88656B531FB9589900246911 = {
			isa = PBXGroup;
			children = (
				88656B5E1FB9589900246911 /* maze */,
				88656B731FB958A800246911 /* Support Files */,
				88656B5D1FB9589900246911 /* Products */,
				8877D7601FB9CBF900B11203 /* Frameworks */,
			);
			sourceTree = "<group>";
		};
		88656B5D1FB9589900246911 /* Products */ = {
			isa = PBXGroup;
			children = (
				88656B5C1FB9589900246911 /* maze.app */,
			);
			name = Products;
			sourceTree = "<group>";
		};
		88656B5E1FB9589900246911 /* maze */ = {
			isa = PBXGroup;
			children = (
				88656B5F1FB9589900246911 /* AppDelegate.h */,
				88656B601FB9589900246911 /* AppDelegate.m */,
				88656B621FB9589900246911 /* ViewController.h */,
				88656B631FB9589900246911 /* ViewController.mm */,
				88656B651FB9589900246911 /* Assets.xcassets */,
				88656B671FB9589900246911 /* Main.storyboard */,
				88656B6A1FB9589900246911 /* Info.plist */,
				88656B6B1FB9589900246911 /* main.m */,
				88656B6D1FB9589900246911 /* maze.entitlements */,
			);
			path = maze;
			sourceTree = "<group>";
		};
		88656B731FB958A800246911 /* Support Files */ = {
			isa = PBXGroup;
			children = (
				882389B61FBC5B2800E7F9AB /* Maze.cpp */,
				882389B51FBC5B2800E7F9AB /* Maze.hpp */,
				882389AD1FBC5B2300E7F9AB /* MyPoint.cpp */,
				882389AF1FBC5B2300E7F9AB /* MyPoint.hpp */,
				882389B01FBC5B2300E7F9AB /* Queue.cpp */,
				882389AC1FBC5B2300E7F9AB /* Queue.hpp */,
				882389B11FBC5B2300E7F9AB /* Stack.cpp */,
				882389AE1FBC5B2300E7F9AB /* Stack.hpp */,
				88656B741FB958C300246911 /* MazeView.h */,
				88656B751FB958C300246911 /* MazeView.mm */,
			);
			path = "Support Files";
			sourceTree = "<group>";
		};
		8877D7601FB9CBF900B11203 /* Frameworks */ = {
			isa = PBXGroup;
			children = (
				8877D7611FB9CBFA00B11203 /* Cocoa.framework */,
			);
			name = Frameworks;
			sourceTree = "<group>";
		};
/* End PBXGroup section */

/* Begin PBXNativeTarget section */
		88656B5B1FB9589900246911 /* maze */ = {
			isa = PBXNativeTarget;
			buildConfigurationList = 88656B701FB9589900246911 /* Build configuration list for PBXNativeTarget "maze" */;
			buildPhases = (
				88656B581FB9589900246911 /* Sources */,
				88656B591FB9589900246911 /* Frameworks */,
				88656B5A1FB9589900246911 /* Resources */,
			);
			buildRules = (
			);
			dependencies = (
			);
			name = maze;
			productName = maze;
			productReference = 88656B5C1FB9589900246911 /* maze.app */;
			productType = "com.apple.product-type.application";
		};
/* End PBXNativeTarget section */

/* Begin PBXProject section */
		88656B541FB9589900246911 /* Project object */ = {
			isa = PBXProject;
			attributes = {
				LastUpgradeCheck = 0910;
				ORGANIZATIONNAME = "翟元浩";
				TargetAttributes = {
					88656B5B1FB9589900246911 = {
						CreatedOnToolsVersion = 9.1;
						ProvisioningStyle = Automatic;
					};
				};
			};
			buildConfigurationList = 88656B571FB9589900246911 /* Build configuration list for PBXProject "maze" */;
			compatibilityVersion = "Xcode 8.0";
			developmentRegion = en;
			hasScannedForEncodings = 0;
			knownRegions = (
				en,
				Base,
			);
			mainGroup = 88656B531FB9589900246911;
			productRefGroup = 88656B5D1FB9589900246911 /* Products */;
			projectDirPath = "";
			projectRoot = "";
			targets = (
				88656B5B1FB9589900246911 /* maze */,
			);
		};
/* End PBXProject section */

/* Begin PBXResourcesBuildPhase section */
		88656B5A1FB9589900246911 /* Resources */ = {
			isa = PBXResourcesBuildPhase;
			buildActionMask = 2147483647;
			files = (
				88656B661FB9589900246911 /* Assets.xcassets in Resources */,
				88656B691FB9589900246911 /* Main.storyboard in Resources */,
			);
			runOnlyForDeploymentPostprocessing = 0;
		};
/* End PBXResourcesBuildPhase section */

/* Begin PBXSourcesBuildPhase section */
		88656B581FB9589900246911 /* Sources */ = {
			isa = PBXSourcesBuildPhase;
			buildActionMask = 2147483647;
			files = (
				88656B641FB9589900246911 /* ViewController.mm in Sources */,
				88656B761FB958C300246911 /* MazeView.mm in Sources */,
				882389B21FBC5B2300E7F9AB /* MyPoint.cpp in Sources */,
				882389B31FBC5B2300E7F9AB /* Queue.cpp in Sources */,
				882389B41FBC5B2300E7F9AB /* Stack.cpp in Sources */,
				88656B6C1FB9589900246911 /* main.m in Sources */,
				882389B71FBC5B2800E7F9AB /* Maze.cpp in Sources */,
				88656B611FB9589900246911 /* AppDelegate.m in Sources */,
			);
			runOnlyForDeploymentPostprocessing = 0;
		};
/* End PBXSourcesBuildPhase section */

/* Begin PBXVariantGroup section */
		88656B671FB9589900246911 /* Main.storyboard */ = {
			isa = PBXVariantGroup;
			children = (
				88656B681FB9589900246911 /* Base */,
			);
			name = Main.storyboard;
			sourceTree = "<group>";
		};
/* End PBXVariantGroup section */

/* Begin XCBuildConfiguration section */
		88656B6E1FB9589900246911 /* Debug */ = {
			isa = XCBuildConfiguration;
			buildSettings = {
				ALWAYS_SEARCH_USER_PATHS = NO;
				CLANG_ANALYZER_NONNULL = YES;
				CLANG_ANALYZER_NUMBER_OBJECT_CONVERSION = YES_AGGRESSIVE;
				CLANG_CXX_LANGUAGE_STANDARD = "gnu++14";
				CLANG_CXX_LIBRARY = "libc++";
				CLANG_ENABLE_MODULES = YES;
				CLANG_ENABLE_OBJC_ARC = YES;
				CLANG_WARN_BLOCK_CAPTURE_AUTORELEASING = YES;
				CLANG_WARN_BOOL_CONVERSION = YES;
				CLANG_WARN_COMMA = YES;
				CLANG_WARN_CONSTANT_CONVERSION = YES;
				CLANG_WARN_DIRECT_OBJC_ISA_USAGE = YES_ERROR;
				CLANG_WARN_DOCUMENTATION_COMMENTS = YES;
				CLANG_WARN_EMPTY_BODY = YES;
				CLANG_WARN_ENUM_CONVERSION = YES;
				CLANG_WARN_INFINITE_RECURSION = YES;
				CLANG_WARN_INT_CONVERSION = YES;
				CLANG_WARN_NON_LITERAL_NULL_CONVERSION = YES;
				CLANG_WARN_OBJC_LITERAL_CONVERSION = YES;
				CLANG_WARN_OBJC_ROOT_CLASS = YES_ERROR;
				CLANG_WARN_RANGE_LOOP_ANALYSIS = YES;
				CLANG_WARN_STRICT_PROTOTYPES = YES;
				CLANG_WARN_SUSPICIOUS_MOVE = YES;
				CLANG_WARN_UNGUARDED_AVAILABILITY = YES_AGGRESSIVE;
				CLANG_WARN_UNREACHABLE_CODE = YES;
				CLANG_WARN__DUPLICATE_METHOD_MATCH = YES;
				CODE_SIGN_IDENTITY = "Mac Developer";
				COPY_PHASE_STRIP = NO;
				DEBUG_INFORMATION_FORMAT = dwarf;
				ENABLE_STRICT_OBJC_MSGSEND = YES;
				ENABLE_TESTABILITY = YES;
				GCC_C_LANGUAGE_STANDARD = gnu11;
				GCC_DYNAMIC_NO_PIC = NO;
				GCC_NO_COMMON_BLOCKS = YES;
				GCC_OPTIMIZATION_LEVEL = 0;
				GCC_PREPROCESSOR_DEFINITIONS = (
					"DEBUG=1",
					"$(inherited)",
				);
				GCC_WARN_64_TO_32_BIT_CONVERSION = YES;
				GCC_WARN_ABOUT_RETURN_TYPE = YES_ERROR;
				GCC_WARN_UNDECLARED_SELECTOR = YES;
				GCC_WARN_UNINITIALIZED_AUTOS = YES_AGGRESSIVE;
				GCC_WARN_UNUSED_FUNCTION = YES;
				GCC_WARN_UNUSED_VARIABLE = YES;
				MACOSX_DEPLOYMENT_TARGET = 10.13;
				MTL_ENABLE_DEBUG_INFO = YES;
				ONLY_ACTIVE_ARCH = YES;
				SDKROOT = macosx;
			};
			name = Debug;
		};
		88656B6F1FB9589900246911 /* Release */ = {
			isa = XCBuildConfiguration;
			buildSettings = {
				ALWAYS_SEARCH_USER_PATHS = NO;
				CLANG_ANALYZER_NONNULL = YES;
				CLANG_ANALYZER_NUMBER_OBJECT_CONVERSION = YES_AGGRESSIVE;
				CLANG_CXX_LANGUAGE_STANDARD = "gnu++14";
				CLANG_CXX_LIBRARY = "libc++";
				CLANG_ENABLE_MODULES = YES;
				CLANG_ENABLE_OBJC_ARC = YES;
				CLANG_WARN_BLOCK_CAPTURE_AUTORELEASING = YES;
				CLANG_WARN_BOOL_CONVERSION = YES;
				CLANG_WARN_COMMA = YES;
				CLANG_WARN_CONSTANT_CONVERSION = YES;
				CLANG_WARN_DIRECT_OBJC_ISA_USAGE = YES_ERROR;
				CLANG_WARN_DOCUMENTATION_COMMENTS = YES;
				CLANG_WARN_EMPTY_BODY = YES;
				CLANG_WARN_ENUM_CONVERSION = YES;
				CLANG_WARN_INFINITE_RECURSION = YES;
				CLANG_WARN_INT_CONVERSION = YES;
				CLANG_WARN_NON_LITERAL_NULL_CONVERSION = YES;
				CLANG_WARN_OBJC_LITERAL_CONVERSION = YES;
				CLANG_WARN_OBJC_ROOT_CLASS = YES_ERROR;
				CLANG_WARN_RANGE_LOOP_ANALYSIS = YES;
				CLANG_WARN_STRICT_PROTOTYPES = YES;
				CLANG_WARN_SUSPICIOUS_MOVE = YES;
				CLANG_WARN_UNGUARDED_AVAILABILITY = YES_AGGRESSIVE;
				CLANG_WARN_UNREACHABLE_CODE = YES;
				CLANG_WARN__DUPLICATE_METHOD_MATCH = YES;
				CODE_SIGN_IDENTITY = "Mac Developer";
				COPY_PHASE_STRIP = NO;
				DEBUG_INFORMATION_FORMAT = "dwarf-with-dsym";
				ENABLE_NS_ASSERTIONS = NO;
				ENABLE_STRICT_OBJC_MSGSEND = YES;
				GCC_C_LANGUAGE_STANDARD = gnu11;
				GCC_NO_COMMON_BLOCKS = YES;
				GCC_WARN_64_TO_32_BIT_CONVERSION = YES;
				GCC_WARN_ABOUT_RETURN_TYPE = YES_ERROR;
				GCC_WARN_UNDECLARED_SELECTOR = YES;
				GCC_WARN_UNINITIALIZED_AUTOS = YES_AGGRESSIVE;
				GCC_WARN_UNUSED_FUNCTION = YES;
				GCC_WARN_UNUSED_VARIABLE = YES;
				MACOSX_DEPLOYMENT_TARGET = 10.13;
				MTL_ENABLE_DEBUG_INFO = NO;
				SDKROOT = macosx;
			};
			name = Release;
		};
		88656B711FB9589900246911 /* Debug */ = {
			isa = XCBuildConfiguration;
			buildSettings = {
				ASSETCATALOG_COMPILER_APPICON_NAME = AppIcon;
				CODE_SIGN_ENTITLEMENTS = maze/maze.entitlements;
				CODE_SIGN_STYLE = Automatic;
				COMBINE_HIDPI_IMAGES = YES;
				DEVELOPMENT_TEAM = PNMHV2T65L;
				GCC_INPUT_FILETYPE = sourcecode.cpp.objcpp;
				INFOPLIST_FILE = maze/Info.plist;
				LD_RUNPATH_SEARCH_PATHS = "$(inherited) @executable_path/../Frameworks";
				PRODUCT_BUNDLE_IDENTIFIER = me.hadow.maze;
				PRODUCT_NAME = "$(TARGET_NAME)";
			};
			name = Debug;
		};
		88656B721FB9589900246911 /* Release */ = {
			isa = XCBuildConfiguration;
			buildSettings = {
				ASSETCATALOG_COMPILER_APPICON_NAME = AppIcon;
				CODE_SIGN_ENTITLEMENTS = maze/maze.entitlements;
				CODE_SIGN_STYLE = Automatic;
				COMBINE_HIDPI_IMAGES = YES;
				DEVELOPMENT_TEAM = PNMHV2T65L;
				GCC_INPUT_FILETYPE = sourcecode.cpp.objcpp;
				INFOPLIST_FILE = maze/Info.plist;
				LD_RUNPATH_SEARCH_PATHS = "$(inherited) @executable_path/../Frameworks";
				PRODUCT_BUNDLE_IDENTIFIER = me.hadow.maze;
				PRODUCT_NAME = "$(TARGET_NAME)";
			};
			name = Release;
		};
/* End XCBuildConfiguration section */

/* Begin XCConfigurationList section */
		88656B571FB9589900246911 /* Build configuration list for PBXProject "maze" */ = {
			isa = XCConfigurationList;
			buildConfigurations = (
				88656B6E1FB9589900246911 /* Debug */,
				88656B6F1FB9589900246911 /* Release */,
			);
			defaultConfigurationIsVisible = 0;
			defaultConfigurationName = Release;
		};
		88656B701FB9589900246911 /* Build configuration list for PBXNativeTarget "maze" */ = {
			isa = XCConfigurationList;
			buildConfigurations = (
				88656B711FB9589900246911 /* Debug */,
				88656B721FB9589900246911 /* Release */,
			);
			defaultConfigurationIsVisible = 0;
			defaultConfigurationName = Release;
		};
/* End XCConfigurationList section */
	};
	rootObject = 88656B541FB9589900246911 /* Project object */;
}
